// !$*UTF8*$!
{
	archiveVersion = 1;
	classes = {
	};
	objectVersion = 46;
	objects = {

/* Begin PBXBuildFile section */
		A23F000B1C28E0C600E5C858 /* AcHook.m in Sources */ = {isa = PBXBuildFile; fileRef = A23F00061C28E0C600E5C858 /* AcHook.m */; };
		A23F000C1C28E0C600E5C858 /* AcMenu.m in Sources */ = {isa = PBXBuildFile; fileRef = A23F00081C28E0C600E5C858 /* AcMenu.m */; };
		A23F000D1C28E0C600E5C858 /* AcNotification.m in Sources */ = {isa = PBXBuildFile; fileRef = A23F000A1C28E0C600E5C858 /* AcNotification.m */; };
		A2F2632C1C279AD90058CCB8 /* AppKit.framework in Frameworks */ = {isa = PBXBuildFile; fileRef = A2F2632B1C279AD90058CCB8 /* AppKit.framework */; };
		A2F2632E1C279AD90058CCB8 /* Foundation.framework in Frameworks */ = {isa = PBXBuildFile; fileRef = A2F2632D1C279AD90058CCB8 /* Foundation.framework */; };
		A2F263321C279AD90058CCB8 /* AcPandaDemo.xcscheme in Resources */ = {isa = PBXBuildFile; fileRef = A2F263311C279AD90058CCB8 /* AcPandaDemo.xcscheme */; };
		A2F263351C279AD90058CCB8 /* AcPandaDemo.m in Sources */ = {isa = PBXBuildFile; fileRef = A2F263341C279AD90058CCB8 /* AcPandaDemo.m */; };
/* End PBXBuildFile section */

/* Begin PBXFileReference section */
		A23F00001C28E03D00E5C858 /* IDEViewController.h */ = {isa = PBXFileReference; fileEncoding = 4; lastKnownFileType = sourcecode.c.h; path = IDEViewController.h; sourceTree = "<group>"; };
		A23F00051C28E0C600E5C858 /* AcHook.h */ = {isa = PBXFileReference; fileEncoding = 4; lastKnownFileType = sourcecode.c.h; path = AcHook.h; sourceTree = "<group>"; };
		A23F00061C28E0C600E5C858 /* AcHook.m */ = {isa = PBXFileReference; fileEncoding = 4; lastKnownFileType = sourcecode.c.objc; path = AcHook.m; sourceTree = "<group>"; };
		A23F00071C28E0C600E5C858 /* AcMenu.h */ = {isa = PBXFileReference; fileEncoding = 4; lastKnownFileType = sourcecode.c.h; path = AcMenu.h; sourceTree = "<group>"; };
		A23F00081C28E0C600E5C858 /* AcMenu.m */ = {isa = PBXFileReference; fileEncoding = 4; lastKnownFileType = sourcecode.c.objc; path = AcMenu.m; sourceTree = "<group>"; };
		A23F00091C28E0C600E5C858 /* AcNotification.h */ = {isa = PBXFileReference; fileEncoding = 4; lastKnownFileType = sourcecode.c.h; path = AcNotification.h; sourceTree = "<group>"; };
		A23F000A1C28E0C600E5C858 /* AcNotification.m */ = {isa = PBXFileReference; fileEncoding = 4; lastKnownFileType = sourcecode.c.objc; path = AcNotification.m; sourceTree = "<group>"; };
		A23FFFF91C28E03D00E5C858 /* DVTLayoutView_ML.h */ = {isa = PBXFileReference; fileEncoding = 4; lastKnownFileType = sourcecode.c.h; path = DVTLayoutView_ML.h; sourceTree = "<group>"; };
		A23FFFFA1C28E03D00E5C858 /* DVTTextStorage.h */ = {isa = PBXFileReference; fileEncoding = 4; lastKnownFileType = sourcecode.c.h; path = DVTTextStorage.h; sourceTree = "<group>"; };
		A23FFFFB1C28E03D00E5C858 /* DVTViewController.h */ = {isa = PBXFileReference; fileEncoding = 4; lastKnownFileType = sourcecode.c.h; path = DVTViewController.h; sourceTree = "<group>"; };
		A23FFFFC1C28E03D00E5C858 /* IDEEditor.h */ = {isa = PBXFileReference; fileEncoding = 4; lastKnownFileType = sourcecode.c.h; path = IDEEditor.h; sourceTree = "<group>"; };
		A23FFFFD1C28E03D00E5C858 /* IDESourceCodeDocument.h */ = {isa = PBXFileReference; fileEncoding = 4; lastKnownFileType = sourcecode.c.h; path = IDESourceCodeDocument.h; sourceTree = "<group>"; };
		A23FFFFE1C28E03D00E5C858 /* IDESourceCodeEditor.h */ = {isa = PBXFileReference; fileEncoding = 4; lastKnownFileType = sourcecode.c.h; path = IDESourceCodeEditor.h; sourceTree = "<group>"; };
		A23FFFFF1C28E03D00E5C858 /* IDESourceCodeEditorContainerView.h */ = {isa = PBXFileReference; fileEncoding = 4; lastKnownFileType = sourcecode.c.h; path = IDESourceCodeEditorContainerView.h; sourceTree = "<group>"; };
		A2F263281C279AD90058CCB8 /* AcPandaDemo.xcplugin */ = {isa = PBXFileReference; explicitFileType = wrapper.cfbundle; includeInIndex = 0; path = AcPandaDemo.xcplugin; sourceTree = BUILT_PRODUCTS_DIR; };
		A2F2632B1C279AD90058CCB8 /* AppKit.framework */ = {isa = PBXFileReference; lastKnownFileType = wrapper.framework; name = AppKit.framework; path = /System/Library/Frameworks/AppKit.framework; sourceTree = "<absolute>"; };
		A2F2632D1C279AD90058CCB8 /* Foundation.framework */ = {isa = PBXFileReference; lastKnownFileType = wrapper.framework; name = Foundation.framework; path = /System/Library/Frameworks/Foundation.framework; sourceTree = "<absolute>"; };
		A2F263311C279AD90058CCB8 /* AcPandaDemo.xcscheme */ = {isa = PBXFileReference; lastKnownFileType = text.xml; name = AcPandaDemo.xcscheme; path = AcPandaDemo.xcodeproj/xcshareddata/xcschemes/AcPandaDemo.xcscheme; sourceTree = SOURCE_ROOT; };
		A2F263331C279AD90058CCB8 /* AcPandaDemo.h */ = {isa = PBXFileReference; lastKnownFileType = sourcecode.c.h; path = AcPandaDemo.h; sourceTree = "<group>"; };
		A2F263341C279AD90058CCB8 /* AcPandaDemo.m */ = {isa = PBXFileReference; lastKnownFileType = sourcecode.c.objc; path = AcPandaDemo.m; sourceTree = "<group>"; };
		A2F263361C279AD90058CCB8 /* Info.plist */ = {isa = PBXFileReference; lastKnownFileType = text.plist.xml; path = Info.plist; sourceTree = "<group>"; };
/* End PBXFileReference section */

/* Begin PBXFrameworksBuildPhase section */
		A2F263261C279AD90058CCB8 /* Frameworks */ = {
			isa = PBXFrameworksBuildPhase;
			buildActionMask = 2147483647;
			files = (
				A2F2632C1C279AD90058CCB8 /* AppKit.framework in Frameworks */,
				A2F2632E1C279AD90058CCB8 /* Foundation.framework in Frameworks */,
			);
			runOnlyForDeploymentPostprocessing = 0;
		};
/* End PBXFrameworksBuildPhase section */

/* Begin PBXGroup section */
		A23F00041C28E0C600E5C858 /* AcPanda */ = {
			isa = PBXGroup;
			children = (
				A23F00051C28E0C600E5C858 /* AcHook.h */,
				A23F00061C28E0C600E5C858 /* AcHook.m */,
				A23F00071C28E0C600E5C858 /* AcMenu.h */,
				A23F00081C28E0C600E5C858 /* AcMenu.m */,
				A23F00091C28E0C600E5C858 /* AcNotification.h */,
				A23F000A1C28E0C600E5C858 /* AcNotification.m */,
			);
			path = AcPanda;
			sourceTree = "<group>";
		};
		A23FFFF81C28E03D00E5C858 /* XcodeHeaders */ = {
			isa = PBXGroup;
			children = (
				A23FFFF91C28E03D00E5C858 /* DVTLayoutView_ML.h */,
				A23FFFFA1C28E03D00E5C858 /* DVTTextStorage.h */,
				A23FFFFB1C28E03D00E5C858 /* DVTViewController.h */,
				A23FFFFC1C28E03D00E5C858 /* IDEEditor.h */,
				A23FFFFD1C28E03D00E5C858 /* IDESourceCodeDocument.h */,
				A23FFFFE1C28E03D00E5C858 /* IDESourceCodeEditor.h */,
				A23FFFFF1C28E03D00E5C858 /* IDESourceCodeEditorContainerView.h */,
				A23F00001C28E03D00E5C858 /* IDEViewController.h */,
			);
			path = XcodeHeaders;
			sourceTree = "<group>";
		};
		A2F2631F1C279AD90058CCB8 = {
			isa = PBXGroup;
			children = (
				A2F2632F1C279AD90058CCB8 /* AcPandaDemo */,
				A2F2632A1C279AD90058CCB8 /* Frameworks */,
				A2F263291C279AD90058CCB8 /* Products */,
			);
			sourceTree = "<group>";
		};
		A2F263291C279AD90058CCB8 /* Products */ = {
			isa = PBXGroup;
			children = (
				A2F263281C279AD90058CCB8 /* AcPandaDemo.xcplugin */,
			);
			name = Products;
			sourceTree = "<group>";
		};
		A2F2632A1C279AD90058CCB8 /* Frameworks */ = {
			isa = PBXGroup;
			children = (
				A2F2632B1C279AD90058CCB8 /* AppKit.framework */,
				A2F2632D1C279AD90058CCB8 /* Foundation.framework */,
			);
			name = Frameworks;
			sourceTree = "<group>";
		};
		A2F2632F1C279AD90058CCB8 /* AcPandaDemo */ = {
			isa = PBXGroup;
			children = (
				A23F00041C28E0C600E5C858 /* AcPanda */,
				A23FFFF81C28E03D00E5C858 /* XcodeHeaders */,
				A2F263331C279AD90058CCB8 /* AcPandaDemo.h */,
				A2F263341C279AD90058CCB8 /* AcPandaDemo.m */,
				A2F263361C279AD90058CCB8 /* Info.plist */,
				A2F263301C279AD90058CCB8 /* Supporting Files */,
			);
			path = AcPandaDemo;
			sourceTree = "<group>";
		};
		A2F263301C279AD90058CCB8 /* Supporting Files */ = {
			isa = PBXGroup;
			children = (
				A2F263311C279AD90058CCB8 /* AcPandaDemo.xcscheme */,
			);
			name = "Supporting Files";
			sourceTree = "<group>";
		};
/* End PBXGroup section */

/* Begin PBXNativeTarget section */
		A2F263271C279AD90058CCB8 /* AcPandaDemo */ = {
			isa = PBXNativeTarget;
			buildConfigurationList = A2F263391C279AD90058CCB8 /* Build configuration list for PBXNativeTarget "AcPandaDemo" */;
			buildPhases = (
				A2F263241C279AD90058CCB8 /* Sources */,
				A2F263251C279AD90058CCB8 /* Resources */,
				A2F263261C279AD90058CCB8 /* Frameworks */,
			);
			buildRules = (
			);
			dependencies = (
			);
			name = AcPandaDemo;
			productName = AcPandaDemo;
			productReference = A2F263281C279AD90058CCB8 /* AcPandaDemo.xcplugin */;
			productType = "com.apple.product-type.bundle";
		};
/* End PBXNativeTarget section */

/* Begin PBXProject section */
		A2F263201C279AD90058CCB8 /* Project object */ = {
			isa = PBXProject;
			attributes = {
				LastUpgradeCheck = 0720;
				ORGANIZATIONNAME = Ancc;
				TargetAttributes = {
					A2F263271C279AD90058CCB8 = {
						CreatedOnToolsVersion = 7.2;
					};
				};
			};
			buildConfigurationList = A2F263231C279AD90058CCB8 /* Build configuration list for PBXProject "AcPandaDemo" */;
			compatibilityVersion = "Xcode 3.2";
			developmentRegion = English;
			hasScannedForEncodings = 0;
			knownRegions = (
				en,
			);
			mainGroup = A2F2631F1C279AD90058CCB8;
			productRefGroup = A2F263291C279AD90058CCB8 /* Products */;
			projectDirPath = "";
			projectRoot = "";
			targets = (
				A2F263271C279AD90058CCB8 /* AcPandaDemo */,
			);
		};
/* End PBXProject section */

/* Begin PBXResourcesBuildPhase section */
		A2F263251C279AD90058CCB8 /* Resources */ = {
			isa = PBXResourcesBuildPhase;
			buildActionMask = 2147483647;
			files = (
				A2F263321C279AD90058CCB8 /* AcPandaDemo.xcscheme in Resources */,
			);
			runOnlyForDeploymentPostprocessing = 0;
		};
/* End PBXResourcesBuildPhase section */

/* Begin PBXSourcesBuildPhase section */
		A2F263241C279AD90058CCB8 /* Sources */ = {
			isa = PBXSourcesBuildPhase;
			buildActionMask = 2147483647;
			files = (
				A23F000B1C28E0C600E5C858 /* AcHook.m in Sources */,
				A23F000C1C28E0C600E5C858 /* AcMenu.m in Sources */,
				A2F263351C279AD90058CCB8 /* AcPandaDemo.m in Sources */,
				A23F000D1C28E0C600E5C858 /* AcNotification.m in Sources */,
			);
			runOnlyForDeploymentPostprocessing = 0;
		};
/* End PBXSourcesBuildPhase section */

/* Begin XCBuildConfiguration section */
		A2F263371C279AD90058CCB8 /* Debug */ = {
			isa = XCBuildConfiguration;
			buildSettings = {
				ALWAYS_SEARCH_USER_PATHS = NO;
				CLANG_CXX_LANGUAGE_STANDARD = "gnu++0x";
				CLANG_CXX_LIBRARY = "libc++";
				CLANG_ENABLE_MODULES = YES;
				CLANG_ENABLE_OBJC_ARC = YES;
				CLANG_WARN_BOOL_CONVERSION = YES;
				CLANG_WARN_CONSTANT_CONVERSION = YES;
				CLANG_WARN_DIRECT_OBJC_ISA_USAGE = YES_ERROR;
				CLANG_WARN_EMPTY_BODY = YES;
				CLANG_WARN_ENUM_CONVERSION = YES;
				CLANG_WARN_INT_CONVERSION = YES;
				CLANG_WARN_OBJC_ROOT_CLASS = YES_ERROR;
				CLANG_WARN_UNREACHABLE_CODE = YES;
				CLANG_WARN__DUPLICATE_METHOD_MATCH = YES;
				COPY_PHASE_STRIP = NO;
				DEBUG_INFORMATION_FORMAT = dwarf;
				ENABLE_STRICT_OBJC_MSGSEND = YES;
				ENABLE_TESTABILITY = YES;
				GCC_C_LANGUAGE_STANDARD = gnu99;
				GCC_DYNAMIC_NO_PIC = NO;
				GCC_NO_COMMON_BLOCKS = YES;
				GCC_OPTIMIZATION_LEVEL = 0;
				GCC_PREPROCESSOR_DEFINITIONS = (
					"DEBUG=1",
					"$(inherited)",
				);
				GCC_WARN_64_TO_32_BIT_CONVERSION = YES;
				GCC_WARN_ABOUT_RETURN_TYPE = YES_ERROR;
				GCC_WARN_UNDECLARED_SELECTOR = YES;
				GCC_WARN_UNINITIALIZED_AUTOS = YES_AGGRESSIVE;
				GCC_WARN_UNUSED_FUNCTION = YES;
				GCC_WARN_UNUSED_VARIABLE = YES;
				MTL_ENABLE_DEBUG_INFO = YES;
				ONLY_ACTIVE_ARCH = YES;
			};
			name = Debug;
		};
		A2F263381C279AD90058CCB8 /* Release */ = {
			isa = XCBuildConfiguration;
			buildSettings = {
				ALWAYS_SEARCH_USER_PATHS = NO;
				CLANG_CXX_LANGUAGE_STANDARD = "gnu++0x";
				CLANG_CXX_LIBRARY = "libc++";
				CLANG_ENABLE_MODULES = YES;
				CLANG_ENABLE_OBJC_ARC = YES;
				CLANG_WARN_BOOL_CONVERSION = YES;
				CLANG_WARN_CONSTANT_CONVERSION = YES;
				CLANG_WARN_DIRECT_OBJC_ISA_USAGE = YES_ERROR;
				CLANG_WARN_EMPTY_BODY = YES;
				CLANG_WARN_ENUM_CONVERSION = YES;
				CLANG_WARN_INT_CONVERSION = YES;
				CLANG_WARN_OBJC_ROOT_CLASS = YES_ERROR;
				CLANG_WARN_UNREACHABLE_CODE = YES;
				CLANG_WARN__DUPLICATE_METHOD_MATCH = YES;
				COPY_PHASE_STRIP = NO;
				DEBUG_INFORMATION_FORMAT = "dwarf-with-dsym";
				ENABLE_NS_ASSERTIONS = NO;
				ENABLE_STRICT_OBJC_MSGSEND = YES;
				GCC_C_LANGUAGE_STANDARD = gnu99;
				GCC_NO_COMMON_BLOCKS = YES;
				GCC_WARN_64_TO_32_BIT_CONVERSION = YES;
				GCC_WARN_ABOUT_RETURN_TYPE = YES_ERROR;
				GCC_WARN_UNDECLARED_SELECTOR = YES;
				GCC_WARN_UNINITIALIZED_AUTOS = YES_AGGRESSIVE;
				GCC_WARN_UNUSED_FUNCTION = YES;
				GCC_WARN_UNUSED_VARIABLE = YES;
				MTL_ENABLE_DEBUG_INFO = NO;
			};
			name = Release;
		};
		A2F2633A1C279AD90058CCB8 /* Debug */ = {
			isa = XCBuildConfiguration;
			buildSettings = {
				COMBINE_HIDPI_IMAGES = YES;
				DEPLOYMENT_LOCATION = YES;
				DSTROOT = "$(HOME)";
				INFOPLIST_FILE = AcPandaDemo/Info.plist;
				INSTALL_PATH = "/Library/Application Support/Developer/Shared/Xcode/Plug-ins";
				MACOSX_DEPLOYMENT_TARGET = 10.11;
				PRODUCT_BUNDLE_IDENTIFIER = com.ancy.AcPandaDemo;
				PRODUCT_NAME = "$(TARGET_NAME)";
				WRAPPER_EXTENSION = xcplugin;
			};
			name = Debug;
		};
		A2F2633B1C279AD90058CCB8 /* Release */ = {
			isa = XCBuildConfiguration;
			buildSettings = {
				COMBINE_HIDPI_IMAGES = YES;
				DEPLOYMENT_LOCATION = YES;
				DSTROOT = "$(HOME)";
				INFOPLIST_FILE = AcPandaDemo/Info.plist;
				INSTALL_PATH = "/Library/Application Support/Developer/Shared/Xcode/Plug-ins";
				MACOSX_DEPLOYMENT_TARGET = 10.11;
				PRODUCT_BUNDLE_IDENTIFIER = com.ancy.AcPandaDemo;
				PRODUCT_NAME = "$(TARGET_NAME)";
				WRAPPER_EXTENSION = xcplugin;
			};
			name = Release;
		};
/* End XCBuildConfiguration section */

/* Begin XCConfigurationList section */
		A2F263231C279AD90058CCB8 /* Build configuration list for PBXProject "AcPandaDemo" */ = {
			isa = XCConfigurationList;
			buildConfigurations = (
				A2F263371C279AD90058CCB8 /* Debug */,
				A2F263381C279AD90058CCB8 /* Release */,
			);
			defaultConfigurationIsVisible = 0;
			defaultConfigurationName = Release;
		};
		A2F263391C279AD90058CCB8 /* Build configuration list for PBXNativeTarget "AcPandaDemo" */ = {
			isa = XCConfigurationList;
			buildConfigurations = (
				A2F2633A1C279AD90058CCB8 /* Debug */,
				A2F2633B1C279AD90058CCB8 /* Release */,
			);
			defaultConfigurationIsVisible = 0;
			defaultConfigurationName = Release;
		};
/* End XCConfigurationList section */
	};
	rootObject = A2F263201C279AD90058CCB8 /* Project object */;
}
